
Microsoft Visual Studio Solution File, Format Version 12.00
# Visual Studio Version 16
VisualStudioVersion = 16.0.30907.101
MinimumVisualStudioVersion = 10.0.40219.1
Project("{FAE04EC0-301F-11D3-BF4B-00C04F79EFBC}") = "Demo.TestPlayer.Web", "Demo.TestPlayer.Web\Demo.TestPlayer.Web.csproj", "{77D76DA0-BA2B-4D58-9725-A994A27A3F8B}"
EndProject
Global
	GlobalSection(SolutionConfigurationPlatforms) = preSolution
		Debug|Any CPU = Debug|Any CPU
		Release|Any CPU = Release|Any CPU
	EndGlobalSection
	GlobalSection(ProjectConfigurationPlatforms) = postSolution
		{77D76DA0-BA2B-4D58-9725-A994A27A3F8B}.Debug|Any CPU.ActiveCfg = Debug|Any CPU
		{77D76DA0-BA2B-4D58-9725-A994A27A3F8B}.Debug|Any CPU.Build.0 = Debug|Any CPU
		{77D76DA0-BA2B-4D58-9725-A994A27A3F8B}.Release|Any CPU.ActiveCfg = Release|Any CPU
		{77D76DA0-BA2B-4D58-9725-A994A27A3F8B}.Release|Any CPU.Build.0 = Release|Any CPU
	EndGlobalSection
	GlobalSection(SolutionProperties) = preSolution
		HideSolutionNode = FALSE
	EndGlobalSection
	GlobalSection(ExtensibilityGlobals) = postSolution
		SolutionGuid = {132CF129-43F0-401F-AB31-8967B1F23DBB}
	EndGlobalSection
EndGlobal
